
Microsoft Visual Studio Solution File, Format Version 12.00
# Visual Studio Version 17
VisualStudioVersion = 17.3.32825.248
MinimumVisualStudioVersion = 10.0.40219.1
Project("{9A19103F-16F7-4668-BE54-9A1E7A4F7556}") = "WebApplication1", "WebApplication1\WebApplication1.csproj", "{A9971DD4-7280-4CB0-A5D5-0754366C7AE2}"
EndProject
Project("{9A19103F-16F7-4668-BE54-9A1E7A4F7556}") = "BusinessObjects", "BusinessObjects\BusinessObjects.csproj", "{B70D54E0-7FE2-4ECE-8599-E452532F71E5}"
EndProject
Project("{FAE04EC0-301F-11D3-BF4B-00C04F79EFBC}") = "DataAccess", "DataAccess\DataAccess.csproj", "{23809A74-40CD-4508-9AFC-52A94D7C141C}"
EndProject
Project("{FAE04EC0-301F-11D3-BF4B-00C04F79EFBC}") = "Repositories", "Repositories\Repositories.csproj", "{710401A3-D959-4CD8-B29C-D554181E1BC3}"
EndProject
Global
	GlobalSection(SolutionConfigurationPlatforms) = preSolution
		Debug|Any CPU = Debug|Any CPU
		Release|Any CPU = Release|Any CPU
	EndGlobalSection
	GlobalSection(ProjectConfigurationPlatforms) = postSolution
		{A9971DD4-7280-4CB0-A5D5-0754366C7AE2}.Debug|Any CPU.ActiveCfg = Debug|Any CPU
		{A9971DD4-7280-4CB0-A5D5-0754366C7AE2}.Debug|Any CPU.Build.0 = Debug|Any CPU
		{A9971DD4-7280-4CB0-A5D5-0754366C7AE2}.Release|Any CPU.ActiveCfg = Release|Any CPU
		{A9971DD4-7280-4CB0-A5D5-0754366C7AE2}.Release|Any CPU.Build.0 = Release|Any CPU
		{B70D54E0-7FE2-4ECE-8599-E452532F71E5}.Debug|Any CPU.ActiveCfg = Debug|Any CPU
		{B70D54E0-7FE2-4ECE-8599-E452532F71E5}.Debug|Any CPU.Build.0 = Debug|Any CPU
		{B70D54E0-7FE2-4ECE-8599-E452532F71E5}.Release|Any CPU.ActiveCfg = Release|Any CPU
		{B70D54E0-7FE2-4ECE-8599-E452532F71E5}.Release|Any CPU.Build.0 = Release|Any CPU
		{23809A74-40CD-4508-9AFC-52A94D7C141C}.Debug|Any CPU.ActiveCfg = Debug|Any CPU
		{23809A74-40CD-4508-9AFC-52A94D7C141C}.Debug|Any CPU.Build.0 = Debug|Any CPU
		{23809A74-40CD-4508-9AFC-52A94D7C141C}.Release|Any CPU.ActiveCfg = Release|Any CPU
		{23809A74-40CD-4508-9AFC-52A94D7C141C}.Release|Any CPU.Build.0 = Release|Any CPU
		{710401A3-D959-4CD8-B29C-D554181E1BC3}.Debug|Any CPU.ActiveCfg = Debug|Any CPU
		{710401A3-D959-4CD8-B29C-D554181E1BC3}.Debug|Any CPU.Build.0 = Debug|Any CPU
		{710401A3-D959-4CD8-B29C-D554181E1BC3}.Release|Any CPU.ActiveCfg = Release|Any CPU
		{710401A3-D959-4CD8-B29C-D554181E1BC3}.Release|Any CPU.Build.0 = Release|Any CPU
	EndGlobalSection
	GlobalSection(SolutionProperties) = preSolution
		HideSolutionNode = FALSE
	EndGlobalSection
	GlobalSection(ExtensibilityGlobals) = postSolution
		SolutionGuid = {823E45CD-6C85-41C0-93BB-AC315F49DD5C}
	EndGlobalSection
EndGlobal
